{
  "name": "ictunion",
  "version": "1.0.0",
  "lockfileVersion": 2,
  "requires": true,
  "packages": {
    "": {
      "name": "ictunion",
      "version": "1.0.0",
      "license": "AGPL-3.0-or-later",
      "dependencies": {
        "@nuintun/qrcode": "^3.3.0",
        "@types/geojson": "^7946.0.10",
        "@types/leaflet": "^1.9.0",
        "@types/vanillajs-datepicker": "^1.2.1",
        "leaflet": "^1.9.3",
        "signature_pad": "^4.1.4",
        "vanillajs-datepicker": "^1.3.1"
      }
    },
    "node_modules/@nuintun/qrcode": {
      "version": "3.3.0",
      "resolved": "https://registry.npmjs.org/@nuintun/qrcode/-/qrcode-3.3.0.tgz",
      "integrity": "sha512-DJ8vmYyRdq8oX2l1/sGNmJjAD1KGaVvhtNUtHPJLbXpe5GoZut5UFQLM4FoFK9eyoZA1Y7chJEmEkNfs9Bdjrw==",
      "dependencies": {
        "tslib": "^2.4.0"
      }
    },
    "node_modules/@types/geojson": {
      "version": "7946.0.10",
      "resolved": "https://registry.npmjs.org/@types/geojson/-/geojson-7946.0.10.tgz",
      "integrity": "sha512-Nmh0K3iWQJzniTuPRcJn5hxXkfB1T1pgB89SBig5PlJQU5yocazeu4jATJlaA0GYFKWMqDdvYemoSnF2pXgLVA=="
    },
    "node_modules/@types/leaflet": {
      "version": "1.9.0",
      "resolved": "https://registry.npmjs.org/@types/leaflet/-/leaflet-1.9.0.tgz",
      "integrity": "sha512-7LeOSj7EloC5UcyOMo+1kc3S1UT3MjJxwqsMT1d2PTyvQz53w0Y0oSSk9nwZnOZubCmBvpSNGceucxiq+ZPEUw==",
      "dependencies": {
        "@types/geojson": "*"
      }
    },
    "node_modules/@types/vanillajs-datepicker": {
      "version": "1.2.1",
      "resolved": "https://registry.npmjs.org/@types/vanillajs-datepicker/-/vanillajs-datepicker-1.2.1.tgz",
      "integrity": "sha512-j6Rk0IrhuWwztTWcO9mg/fIzVEiqYoOWITI4rGnQiLLsLiaAMqW9E06nfDCBg5HJ94yBn9S7eBFBFC9pJLaiuQ=="
    },
    "node_modules/leaflet": {
      "version": "1.9.3",
      "resolved": "https://registry.npmjs.org/leaflet/-/leaflet-1.9.3.tgz",
      "integrity": "sha512-iB2cR9vAkDOu5l3HAay2obcUHZ7xwUBBjph8+PGtmW/2lYhbLizWtG7nTeYht36WfOslixQF9D/uSIzhZgGMfQ=="
    },
    "node_modules/signature_pad": {
      "version": "4.1.4",
      "resolved": "https://registry.npmjs.org/signature_pad/-/signature_pad-4.1.4.tgz",
      "integrity": "sha512-NKLm9uhRfEPl8cdbbyYAiPsoJ3slIo1AyKg3tzwy8OCX2zQc6jrccUlgMBTJPcUsZXNU8o6fy7iX33rtYSoQHQ=="
    },
    "node_modules/tslib": {
      "version": "2.5.0",
      "resolved": "https://registry.npmjs.org/tslib/-/tslib-2.5.0.tgz",
      "integrity": "sha512-336iVw3rtn2BUK7ORdIAHTyxHGRIHVReokCR3XjbckJMK7ms8FysBfhLR8IXnAgy7T0PTPNBWKiH514FOW/WSg=="
    },
    "node_modules/vanillajs-datepicker": {
      "version": "1.3.1",
      "resolved": "https://registry.npmjs.org/vanillajs-datepicker/-/vanillajs-datepicker-1.3.1.tgz",
      "integrity": "sha512-LYYnXXYDw7oqnNbJleLIRXFUjrG2WYOQtU1A2u3FmW3rgzp7lNJ7DGF35CJ3/Dg1OHUh10D9XnJBfSfIKTyeng=="
    }
  },
  "dependencies": {
    "@nuintun/qrcode": {
      "version": "3.3.0",
      "resolved": "https://registry.npmjs.org/@nuintun/qrcode/-/qrcode-3.3.0.tgz",
      "integrity": "sha512-DJ8vmYyRdq8oX2l1/sGNmJjAD1KGaVvhtNUtHPJLbXpe5GoZut5UFQLM4FoFK9eyoZA1Y7chJEmEkNfs9Bdjrw==",
      "requires": {
        "tslib": "^2.4.0"
      }
    },
    "@types/geojson": {
      "version": "7946.0.10",
      "resolved": "https://registry.npmjs.org/@types/geojson/-/geojson-7946.0.10.tgz",
      "integrity": "sha512-Nmh0K3iWQJzniTuPRcJn5hxXkfB1T1pgB89SBig5PlJQU5yocazeu4jATJlaA0GYFKWMqDdvYemoSnF2pXgLVA=="
    },
    "@types/leaflet": {
      "version": "1.9.0",
      "resolved": "https://registry.npmjs.org/@types/leaflet/-/leaflet-1.9.0.tgz",
      "integrity": "sha512-7LeOSj7EloC5UcyOMo+1kc3S1UT3MjJxwqsMT1d2PTyvQz53w0Y0oSSk9nwZnOZubCmBvpSNGceucxiq+ZPEUw==",
      "requires": {
        "@types/geojson": "*"
      }
    },
    "@types/vanillajs-datepicker": {
      "version": "1.2.1",
      "resolved": "https://registry.npmjs.org/@types/vanillajs-datepicker/-/vanillajs-datepicker-1.2.1.tgz",
      "integrity": "sha512-j6Rk0IrhuWwztTWcO9mg/fIzVEiqYoOWITI4rGnQiLLsLiaAMqW9E06nfDCBg5HJ94yBn9S7eBFBFC9pJLaiuQ=="
    },
    "leaflet": {
      "version": "1.9.3",
      "resolved": "https://registry.npmjs.org/leaflet/-/leaflet-1.9.3.tgz",
      "integrity": "sha512-iB2cR9vAkDOu5l3HAay2obcUHZ7xwUBBjph8+PGtmW/2lYhbLizWtG7nTeYht36WfOslixQF9D/uSIzhZgGMfQ=="
    },
    "signature_pad": {
      "version": "4.1.4",
      "resolved": "https://registry.npmjs.org/signature_pad/-/signature_pad-4.1.4.tgz",
      "integrity": "sha512-NKLm9uhRfEPl8cdbbyYAiPsoJ3slIo1AyKg3tzwy8OCX2zQc6jrccUlgMBTJPcUsZXNU8o6fy7iX33rtYSoQHQ=="
    },
    "tslib": {
      "version": "2.5.0",
      "resolved": "https://registry.npmjs.org/tslib/-/tslib-2.5.0.tgz",
      "integrity": "sha512-336iVw3rtn2BUK7ORdIAHTyxHGRIHVReokCR3XjbckJMK7ms8FysBfhLR8IXnAgy7T0PTPNBWKiH514FOW/WSg=="
    },
    "vanillajs-datepicker": {
      "version": "1.3.1",
      "resolved": "https://registry.npmjs.org/vanillajs-datepicker/-/vanillajs-datepicker-1.3.1.tgz",
      "integrity": "sha512-LYYnXXYDw7oqnNbJleLIRXFUjrG2WYOQtU1A2u3FmW3rgzp7lNJ7DGF35CJ3/Dg1OHUh10D9XnJBfSfIKTyeng=="
    }
  }
}
