{
  "name": "ictunion",
  "version": "1.0.0",
  "lockfileVersion": 2,
  "requires": true,
  "packages": {
    "": {
      "name": "ictunion",
      "version": "1.0.0",
      "license": "AGPL-3.0-or-later",
      "dependencies": {
        "@nuintun/qrcode": "^3.3.0",
        "@types/geojson": "^7946.0.10",
        "@types/leaflet": "^1.9.0",
        "@types/vanillajs-datepicker": "^1.2.1",
        "leaflet": "^1.9.3",
        "signature_pad": "^4.1.4",
        "vanillajs-datepicker": "^1.3.1"
      },
      "devDependencies": {
        "@types/http-proxy": "^1.17.10",
        "@types/node": "^18.14.6",
        "http-proxy": "^1.18.1",
        "typescript": "^4.9.5"
      }
    },
    "node_modules/@nuintun/qrcode": {
      "version": "3.3.0",
      "resolved": "https://registry.npmjs.org/@nuintun/qrcode/-/qrcode-3.3.0.tgz",
      "integrity": "sha512-DJ8vmYyRdq8oX2l1/sGNmJjAD1KGaVvhtNUtHPJLbXpe5GoZut5UFQLM4FoFK9eyoZA1Y7chJEmEkNfs9Bdjrw==",
      "dependencies": {
        "tslib": "^2.4.0"
      }
    },
    "node_modules/@types/geojson": {
      "version": "7946.0.10",
      "resolved": "https://registry.npmjs.org/@types/geojson/-/geojson-7946.0.10.tgz",
      "integrity": "sha512-Nmh0K3iWQJzniTuPRcJn5hxXkfB1T1pgB89SBig5PlJQU5yocazeu4jATJlaA0GYFKWMqDdvYemoSnF2pXgLVA=="
    },
    "node_modules/@types/http-proxy": {
      "version": "1.17.10",
      "resolved": "https://registry.npmjs.org/@types/http-proxy/-/http-proxy-1.17.10.tgz",
      "integrity": "sha512-Qs5aULi+zV1bwKAg5z1PWnDXWmsn+LxIvUGv6E2+OOMYhclZMO+OXd9pYVf2gLykf2I7IV2u7oTHwChPNsvJ7g==",
      "dev": true,
      "dependencies": {
        "@types/node": "*"
      }
    },
    "node_modules/@types/leaflet": {
      "version": "1.9.0",
      "resolved": "https://registry.npmjs.org/@types/leaflet/-/leaflet-1.9.0.tgz",
      "integrity": "sha512-7LeOSj7EloC5UcyOMo+1kc3S1UT3MjJxwqsMT1d2PTyvQz53w0Y0oSSk9nwZnOZubCmBvpSNGceucxiq+ZPEUw==",
      "dependencies": {
        "@types/geojson": "*"
      }
    },
    "node_modules/@types/node": {
      "version": "18.14.6",
      "resolved": "https://registry.npmjs.org/@types/node/-/node-18.14.6.tgz",
      "integrity": "sha512-93+VvleD3mXwlLI/xASjw0FzKcwzl3OdTCzm1LaRfqgS21gfFtK3zDXM5Op9TeeMsJVOaJ2VRDpT9q4Y3d0AvA==",
      "dev": true
    },
    "node_modules/@types/vanillajs-datepicker": {
      "version": "1.2.1",
      "resolved": "https://registry.npmjs.org/@types/vanillajs-datepicker/-/vanillajs-datepicker-1.2.1.tgz",
      "integrity": "sha512-j6Rk0IrhuWwztTWcO9mg/fIzVEiqYoOWITI4rGnQiLLsLiaAMqW9E06nfDCBg5HJ94yBn9S7eBFBFC9pJLaiuQ=="
    },
    "node_modules/eventemitter3": {
      "version": "4.0.7",
      "resolved": "https://registry.npmjs.org/eventemitter3/-/eventemitter3-4.0.7.tgz",
      "integrity": "sha512-8guHBZCwKnFhYdHr2ysuRWErTwhoN2X8XELRlrRwpmfeY2jjuUN4taQMsULKUVo1K4DvZl+0pgfyoysHxvmvEw==",
      "dev": true
    },
    "node_modules/follow-redirects": {
      "version": "1.15.2",
      "resolved": "https://registry.npmjs.org/follow-redirects/-/follow-redirects-1.15.2.tgz",
      "integrity": "sha512-VQLG33o04KaQ8uYi2tVNbdrWp1QWxNNea+nmIB4EVM28v0hmP17z7aG1+wAkNzVq4KeXTq3221ye5qTJP91JwA==",
      "dev": true,
      "funding": [
        {
          "type": "individual",
          "url": "https://github.com/sponsors/RubenVerborgh"
        }
      ],
      "engines": {
        "node": ">=4.0"
      },
      "peerDependenciesMeta": {
        "debug": {
          "optional": true
        }
      }
    },
    "node_modules/http-proxy": {
      "version": "1.18.1",
      "resolved": "https://registry.npmjs.org/http-proxy/-/http-proxy-1.18.1.tgz",
      "integrity": "sha512-7mz/721AbnJwIVbnaSv1Cz3Am0ZLT/UBwkC92VlxhXv/k/BBQfM2fXElQNC27BVGr0uwUpplYPQM9LnaBMR5NQ==",
      "dev": true,
      "dependencies": {
        "eventemitter3": "^4.0.0",
        "follow-redirects": "^1.0.0",
        "requires-port": "^1.0.0"
      },
      "engines": {
        "node": ">=8.0.0"
      }
    },
    "node_modules/leaflet": {
      "version": "1.9.3",
      "resolved": "https://registry.npmjs.org/leaflet/-/leaflet-1.9.3.tgz",
      "integrity": "sha512-iB2cR9vAkDOu5l3HAay2obcUHZ7xwUBBjph8+PGtmW/2lYhbLizWtG7nTeYht36WfOslixQF9D/uSIzhZgGMfQ=="
    },
    "node_modules/requires-port": {
      "version": "1.0.0",
      "resolved": "https://registry.npmjs.org/requires-port/-/requires-port-1.0.0.tgz",
      "integrity": "sha512-KigOCHcocU3XODJxsu8i/j8T9tzT4adHiecwORRQ0ZZFcp7ahwXuRU1m+yuO90C5ZUyGeGfocHDI14M3L3yDAQ==",
      "dev": true
    },
    "node_modules/signature_pad": {
      "version": "4.1.4",
      "resolved": "https://registry.npmjs.org/signature_pad/-/signature_pad-4.1.4.tgz",
      "integrity": "sha512-NKLm9uhRfEPl8cdbbyYAiPsoJ3slIo1AyKg3tzwy8OCX2zQc6jrccUlgMBTJPcUsZXNU8o6fy7iX33rtYSoQHQ=="
    },
    "node_modules/tslib": {
      "version": "2.5.0",
      "resolved": "https://registry.npmjs.org/tslib/-/tslib-2.5.0.tgz",
      "integrity": "sha512-336iVw3rtn2BUK7ORdIAHTyxHGRIHVReokCR3XjbckJMK7ms8FysBfhLR8IXnAgy7T0PTPNBWKiH514FOW/WSg=="
    },
    "node_modules/typescript": {
      "version": "4.9.5",
      "resolved": "https://registry.npmjs.org/typescript/-/typescript-4.9.5.tgz",
      "integrity": "sha512-1FXk9E2Hm+QzZQ7z+McJiHL4NW1F2EzMu9Nq9i3zAaGqibafqYwCVU6WyWAuyQRRzOlxou8xZSyXLEN8oKj24g==",
      "dev": true,
      "bin": {
        "tsc": "bin/tsc",
        "tsserver": "bin/tsserver"
      },
      "engines": {
        "node": ">=4.2.0"
      }
    },
    "node_modules/vanillajs-datepicker": {
      "version": "1.3.1",
      "resolved": "https://registry.npmjs.org/vanillajs-datepicker/-/vanillajs-datepicker-1.3.1.tgz",
      "integrity": "sha512-LYYnXXYDw7oqnNbJleLIRXFUjrG2WYOQtU1A2u3FmW3rgzp7lNJ7DGF35CJ3/Dg1OHUh10D9XnJBfSfIKTyeng=="
    }
  },
  "dependencies": {
    "@nuintun/qrcode": {
      "version": "3.3.0",
      "resolved": "https://registry.npmjs.org/@nuintun/qrcode/-/qrcode-3.3.0.tgz",
      "integrity": "sha512-DJ8vmYyRdq8oX2l1/sGNmJjAD1KGaVvhtNUtHPJLbXpe5GoZut5UFQLM4FoFK9eyoZA1Y7chJEmEkNfs9Bdjrw==",
      "requires": {
        "tslib": "^2.4.0"
      }
    },
    "@types/geojson": {
      "version": "7946.0.10",
      "resolved": "https://registry.npmjs.org/@types/geojson/-/geojson-7946.0.10.tgz",
      "integrity": "sha512-Nmh0K3iWQJzniTuPRcJn5hxXkfB1T1pgB89SBig5PlJQU5yocazeu4jATJlaA0GYFKWMqDdvYemoSnF2pXgLVA=="
    },
    "@types/http-proxy": {
      "version": "1.17.10",
      "resolved": "https://registry.npmjs.org/@types/http-proxy/-/http-proxy-1.17.10.tgz",
      "integrity": "sha512-Qs5aULi+zV1bwKAg5z1PWnDXWmsn+LxIvUGv6E2+OOMYhclZMO+OXd9pYVf2gLykf2I7IV2u7oTHwChPNsvJ7g==",
      "dev": true,
      "requires": {
        "@types/node": "*"
      }
    },
    "@types/leaflet": {
      "version": "1.9.0",
      "resolved": "https://registry.npmjs.org/@types/leaflet/-/leaflet-1.9.0.tgz",
      "integrity": "sha512-7LeOSj7EloC5UcyOMo+1kc3S1UT3MjJxwqsMT1d2PTyvQz53w0Y0oSSk9nwZnOZubCmBvpSNGceucxiq+ZPEUw==",
      "requires": {
        "@types/geojson": "*"
      }
    },
    "@types/node": {
      "version": "18.14.6",
      "resolved": "https://registry.npmjs.org/@types/node/-/node-18.14.6.tgz",
      "integrity": "sha512-93+VvleD3mXwlLI/xASjw0FzKcwzl3OdTCzm1LaRfqgS21gfFtK3zDXM5Op9TeeMsJVOaJ2VRDpT9q4Y3d0AvA==",
      "dev": true
    },
    "@types/vanillajs-datepicker": {
      "version": "1.2.1",
      "resolved": "https://registry.npmjs.org/@types/vanillajs-datepicker/-/vanillajs-datepicker-1.2.1.tgz",
      "integrity": "sha512-j6Rk0IrhuWwztTWcO9mg/fIzVEiqYoOWITI4rGnQiLLsLiaAMqW9E06nfDCBg5HJ94yBn9S7eBFBFC9pJLaiuQ=="
    },
    "eventemitter3": {
      "version": "4.0.7",
      "resolved": "https://registry.npmjs.org/eventemitter3/-/eventemitter3-4.0.7.tgz",
      "integrity": "sha512-8guHBZCwKnFhYdHr2ysuRWErTwhoN2X8XELRlrRwpmfeY2jjuUN4taQMsULKUVo1K4DvZl+0pgfyoysHxvmvEw==",
      "dev": true
    },
    "follow-redirects": {
      "version": "1.15.2",
      "resolved": "https://registry.npmjs.org/follow-redirects/-/follow-redirects-1.15.2.tgz",
      "integrity": "sha512-VQLG33o04KaQ8uYi2tVNbdrWp1QWxNNea+nmIB4EVM28v0hmP17z7aG1+wAkNzVq4KeXTq3221ye5qTJP91JwA==",
      "dev": true
    },
    "http-proxy": {
      "version": "1.18.1",
      "resolved": "https://registry.npmjs.org/http-proxy/-/http-proxy-1.18.1.tgz",
      "integrity": "sha512-7mz/721AbnJwIVbnaSv1Cz3Am0ZLT/UBwkC92VlxhXv/k/BBQfM2fXElQNC27BVGr0uwUpplYPQM9LnaBMR5NQ==",
      "dev": true,
      "requires": {
        "eventemitter3": "^4.0.0",
        "follow-redirects": "^1.0.0",
        "requires-port": "^1.0.0"
      }
    },
    "leaflet": {
      "version": "1.9.3",
      "resolved": "https://registry.npmjs.org/leaflet/-/leaflet-1.9.3.tgz",
      "integrity": "sha512-iB2cR9vAkDOu5l3HAay2obcUHZ7xwUBBjph8+PGtmW/2lYhbLizWtG7nTeYht36WfOslixQF9D/uSIzhZgGMfQ=="
    },
    "requires-port": {
      "version": "1.0.0",
      "resolved": "https://registry.npmjs.org/requires-port/-/requires-port-1.0.0.tgz",
      "integrity": "sha512-KigOCHcocU3XODJxsu8i/j8T9tzT4adHiecwORRQ0ZZFcp7ahwXuRU1m+yuO90C5ZUyGeGfocHDI14M3L3yDAQ==",
      "dev": true
    },
    "signature_pad": {
      "version": "4.1.4",
      "resolved": "https://registry.npmjs.org/signature_pad/-/signature_pad-4.1.4.tgz",
      "integrity": "sha512-NKLm9uhRfEPl8cdbbyYAiPsoJ3slIo1AyKg3tzwy8OCX2zQc6jrccUlgMBTJPcUsZXNU8o6fy7iX33rtYSoQHQ=="
    },
    "tslib": {
      "version": "2.5.0",
      "resolved": "https://registry.npmjs.org/tslib/-/tslib-2.5.0.tgz",
      "integrity": "sha512-336iVw3rtn2BUK7ORdIAHTyxHGRIHVReokCR3XjbckJMK7ms8FysBfhLR8IXnAgy7T0PTPNBWKiH514FOW/WSg=="
    },
    "typescript": {
      "version": "4.9.5",
      "resolved": "https://registry.npmjs.org/typescript/-/typescript-4.9.5.tgz",
      "integrity": "sha512-1FXk9E2Hm+QzZQ7z+McJiHL4NW1F2EzMu9Nq9i3zAaGqibafqYwCVU6WyWAuyQRRzOlxou8xZSyXLEN8oKj24g==",
      "dev": true
    },
    "vanillajs-datepicker": {
      "version": "1.3.1",
      "resolved": "https://registry.npmjs.org/vanillajs-datepicker/-/vanillajs-datepicker-1.3.1.tgz",
      "integrity": "sha512-LYYnXXYDw7oqnNbJleLIRXFUjrG2WYOQtU1A2u3FmW3rgzp7lNJ7DGF35CJ3/Dg1OHUh10D9XnJBfSfIKTyeng=="
    }
  }
}
